
Microsoft Visual Studio Solution File, Format Version 12.00
# Visual Studio 2012
Project("{8BC9CEB8-8B4A-11D0-8D11-00A0C91BC942}") = "NaiveBayesClassifier", "NaiveBayesClassifier\NaiveBayesClassifier.vcxproj", "{BDADC55B-F7AF-4979-9759-FF0E071F59A0}"
EndProject
Global
	GlobalSection(SolutionConfigurationPlatforms) = preSolution
		Debug|Win32 = Debug|Win32
		Release|Win32 = Release|Win32
	EndGlobalSection
	GlobalSection(ProjectConfigurationPlatforms) = postSolution
		{BDADC55B-F7AF-4979-9759-FF0E071F59A0}.Debug|Win32.ActiveCfg = Debug|Win32
		{BDADC55B-F7AF-4979-9759-FF0E071F59A0}.Debug|Win32.Build.0 = Debug|Win32
		{BDADC55B-F7AF-4979-9759-FF0E071F59A0}.Release|Win32.ActiveCfg = Release|Win32
		{BDADC55B-F7AF-4979-9759-FF0E071F59A0}.Release|Win32.Build.0 = Release|Win32
	EndGlobalSection
	GlobalSection(SolutionProperties) = preSolution
		HideSolutionNode = FALSE
	EndGlobalSection
EndGlobal
